
Microsoft Visual Studio Solution File, Format Version 12.00
# Visual Studio 15
VisualStudioVersion = 15.0.26124.0
MinimumVisualStudioVersion = 15.0.26124.0
Project("{FAE04EC0-301F-11D3-BF4B-00C04F79EFBC}") = "R5T.Excel.Base.Construction", "R5T.Excel.Base.Construction\R5T.Excel.Base.Construction.csproj", "{64025364-C197-4193-B44B-13F10E4183F4}"
EndProject
Project("{FAE04EC0-301F-11D3-BF4B-00C04F79EFBC}") = "R5T.Excel.Base", "R5T.Excel.Base\R5T.Excel.Base.csproj", "{F9D48998-C0FE-408E-904F-17654A2D1460}"
EndProject
Project("{FAE04EC0-301F-11D3-BF4B-00C04F79EFBC}") = "R5T.Excel.Base.Testing", "R5T.Excel.Base.Testing\R5T.Excel.Base.Testing.csproj", "{CB224DA3-491B-44B7-BB25-C45907D781FF}"
EndProject
Global
	GlobalSection(SolutionConfigurationPlatforms) = preSolution
		Debug|Any CPU = Debug|Any CPU
		Debug|x64 = Debug|x64
		Debug|x86 = Debug|x86
		Release|Any CPU = Release|Any CPU
		Release|x64 = Release|x64
		Release|x86 = Release|x86
	EndGlobalSection
	GlobalSection(SolutionProperties) = preSolution
		HideSolutionNode = FALSE
	EndGlobalSection
	GlobalSection(ProjectConfigurationPlatforms) = postSolution
		{64025364-C197-4193-B44B-13F10E4183F4}.Debug|Any CPU.ActiveCfg = Debug|Any CPU
		{64025364-C197-4193-B44B-13F10E4183F4}.Debug|Any CPU.Build.0 = Debug|Any CPU
		{64025364-C197-4193-B44B-13F10E4183F4}.Debug|x64.ActiveCfg = Debug|Any CPU
		{64025364-C197-4193-B44B-13F10E4183F4}.Debug|x64.Build.0 = Debug|Any CPU
		{64025364-C197-4193-B44B-13F10E4183F4}.Debug|x86.ActiveCfg = Debug|Any CPU
		{64025364-C197-4193-B44B-13F10E4183F4}.Debug|x86.Build.0 = Debug|Any CPU
		{64025364-C197-4193-B44B-13F10E4183F4}.Release|Any CPU.ActiveCfg = Release|Any CPU
		{64025364-C197-4193-B44B-13F10E4183F4}.Release|Any CPU.Build.0 = Release|Any CPU
		{64025364-C197-4193-B44B-13F10E4183F4}.Release|x64.ActiveCfg = Release|Any CPU
		{64025364-C197-4193-B44B-13F10E4183F4}.Release|x64.Build.0 = Release|Any CPU
		{64025364-C197-4193-B44B-13F10E4183F4}.Release|x86.ActiveCfg = Release|Any CPU
		{64025364-C197-4193-B44B-13F10E4183F4}.Release|x86.Build.0 = Release|Any CPU
		{F9D48998-C0FE-408E-904F-17654A2D1460}.Debug|Any CPU.ActiveCfg = Debug|Any CPU
		{F9D48998-C0FE-408E-904F-17654A2D1460}.Debug|Any CPU.Build.0 = Debug|Any CPU
		{F9D48998-C0FE-408E-904F-17654A2D1460}.Debug|x64.ActiveCfg = Debug|Any CPU
		{F9D48998-C0FE-408E-904F-17654A2D1460}.Debug|x64.Build.0 = Debug|Any CPU
		{F9D48998-C0FE-408E-904F-17654A2D1460}.Debug|x86.ActiveCfg = Debug|Any CPU
		{F9D48998-C0FE-408E-904F-17654A2D1460}.Debug|x86.Build.0 = Debug|Any CPU
		{F9D48998-C0FE-408E-904F-17654A2D1460}.Release|Any CPU.ActiveCfg = Release|Any CPU
		{F9D48998-C0FE-408E-904F-17654A2D1460}.Release|Any CPU.Build.0 = Release|Any CPU
		{F9D48998-C0FE-408E-904F-17654A2D1460}.Release|x64.ActiveCfg = Release|Any CPU
		{F9D48998-C0FE-408E-904F-17654A2D1460}.Release|x64.Build.0 = Release|Any CPU
		{F9D48998-C0FE-408E-904F-17654A2D1460}.Release|x86.ActiveCfg = Release|Any CPU
		{F9D48998-C0FE-408E-904F-17654A2D1460}.Release|x86.Build.0 = Release|Any CPU
		{CB224DA3-491B-44B7-BB25-C45907D781FF}.Debug|Any CPU.ActiveCfg = Debug|Any CPU
		{CB224DA3-491B-44B7-BB25-C45907D781FF}.Debug|Any CPU.Build.0 = Debug|Any CPU
		{CB224DA3-491B-44B7-BB25-C45907D781FF}.Debug|x64.ActiveCfg = Debug|Any CPU
		{CB224DA3-491B-44B7-BB25-C45907D781FF}.Debug|x64.Build.0 = Debug|Any CPU
		{CB224DA3-491B-44B7-BB25-C45907D781FF}.Debug|x86.ActiveCfg = Debug|Any CPU
		{CB224DA3-491B-44B7-BB25-C45907D781FF}.Debug|x86.Build.0 = Debug|Any CPU
		{CB224DA3-491B-44B7-BB25-C45907D781FF}.Release|Any CPU.ActiveCfg = Release|Any CPU
		{CB224DA3-491B-44B7-BB25-C45907D781FF}.Release|Any CPU.Build.0 = Release|Any CPU
		{CB224DA3-491B-44B7-BB25-C45907D781FF}.Release|x64.ActiveCfg = Release|Any CPU
		{CB224DA3-491B-44B7-BB25-C45907D781FF}.Release|x64.Build.0 = Release|Any CPU
		{CB224DA3-491B-44B7-BB25-C45907D781FF}.Release|x86.ActiveCfg = Release|Any CPU
		{CB224DA3-491B-44B7-BB25-C45907D781FF}.Release|x86.Build.0 = Release|Any CPU
	EndGlobalSection
EndGlobal
